
Microsoft Visual Studio Solution File, Format Version 12.00
# Visual Studio 15
VisualStudioVersion = 15.0.28307.421
MinimumVisualStudioVersion = 10.0.40219.1
Project("{FAE04EC0-301F-11D3-BF4B-00C04F79EFBC}") = "ImageMani", "ImageMani\ImageMani.csproj", "{CF01132F-2C54-4BC6-B79B-EF6D2963E09D}"
EndProject
Project("{FAE04EC0-301F-11D3-BF4B-00C04F79EFBC}") = "ImageMani.Library", "ImageMani.Library\ImageMani.Library.csproj", "{73247FBD-4EEC-47D8-AA1A-54427FD9E852}"
EndProject
Global
	GlobalSection(SolutionConfigurationPlatforms) = preSolution
		Debug|Any CPU = Debug|Any CPU
		Release|Any CPU = Release|Any CPU
	EndGlobalSection
	GlobalSection(ProjectConfigurationPlatforms) = postSolution
		{CF01132F-2C54-4BC6-B79B-EF6D2963E09D}.Debug|Any CPU.ActiveCfg = Debug|Any CPU
		{CF01132F-2C54-4BC6-B79B-EF6D2963E09D}.Debug|Any CPU.Build.0 = Debug|Any CPU
		{CF01132F-2C54-4BC6-B79B-EF6D2963E09D}.Release|Any CPU.ActiveCfg = Release|Any CPU
		{CF01132F-2C54-4BC6-B79B-EF6D2963E09D}.Release|Any CPU.Build.0 = Release|Any CPU
		{73247FBD-4EEC-47D8-AA1A-54427FD9E852}.Debug|Any CPU.ActiveCfg = Debug|Any CPU
		{73247FBD-4EEC-47D8-AA1A-54427FD9E852}.Debug|Any CPU.Build.0 = Debug|Any CPU
		{73247FBD-4EEC-47D8-AA1A-54427FD9E852}.Release|Any CPU.ActiveCfg = Release|Any CPU
		{73247FBD-4EEC-47D8-AA1A-54427FD9E852}.Release|Any CPU.Build.0 = Release|Any CPU
	EndGlobalSection
	GlobalSection(SolutionProperties) = preSolution
		HideSolutionNode = FALSE
	EndGlobalSection
	GlobalSection(ExtensibilityGlobals) = postSolution
		SolutionGuid = {E0885720-864A-45E4-BD99-2B89A5F222D3}
	EndGlobalSection
EndGlobal
